
Microsoft Visual Studio Solution File, Format Version 12.00
# Visual Studio Version 16
VisualStudioVersion = 16.0.31205.134
MinimumVisualStudioVersion = 10.0.40219.1
Project("{FAE04EC0-301F-11D3-BF4B-00C04F79EFBC}") = "hosptal_CRUD", "hosptak_CRUD\hosptal_CRUD.csproj", "{70A11ABE-F76D-4098-B6D3-2FCEA51AC18F}"
EndProject
Global
	GlobalSection(SolutionConfigurationPlatforms) = preSolution
		Debug|Any CPU = Debug|Any CPU
		Release|Any CPU = Release|Any CPU
	EndGlobalSection
	GlobalSection(ProjectConfigurationPlatforms) = postSolution
		{70A11ABE-F76D-4098-B6D3-2FCEA51AC18F}.Debug|Any CPU.ActiveCfg = Debug|Any CPU
		{70A11ABE-F76D-4098-B6D3-2FCEA51AC18F}.Debug|Any CPU.Build.0 = Debug|Any CPU
		{70A11ABE-F76D-4098-B6D3-2FCEA51AC18F}.Release|Any CPU.ActiveCfg = Release|Any CPU
		{70A11ABE-F76D-4098-B6D3-2FCEA51AC18F}.Release|Any CPU.Build.0 = Release|Any CPU
	EndGlobalSection
	GlobalSection(SolutionProperties) = preSolution
		HideSolutionNode = FALSE
	EndGlobalSection
	GlobalSection(ExtensibilityGlobals) = postSolution
		SolutionGuid = {781F0414-F009-4186-ADBD-AF234F12157C}
	EndGlobalSection
EndGlobal
